
Microsoft Visual Studio Solution File, Format Version 12.00
# Visual Studio Version 17
VisualStudioVersion = 17.6.33829.357
MinimumVisualStudioVersion = 10.0.40219.1
Project("{FAE04EC0-301F-11D3-BF4B-00C04F79EFBC}") = "CinemaTicket", "CinemaTicket\CinemaTicket.csproj", "{798ABE43-197D-49D5-8DF1-F08048D46A9B}"
EndProject
Global
	GlobalSection(SolutionConfigurationPlatforms) = preSolution
		Debug|Any CPU = Debug|Any CPU
		Release|Any CPU = Release|Any CPU
	EndGlobalSection
	GlobalSection(ProjectConfigurationPlatforms) = postSolution
		{798ABE43-197D-49D5-8DF1-F08048D46A9B}.Debug|Any CPU.ActiveCfg = Debug|Any CPU
		{798ABE43-197D-49D5-8DF1-F08048D46A9B}.Debug|Any CPU.Build.0 = Debug|Any CPU
		{798ABE43-197D-49D5-8DF1-F08048D46A9B}.Release|Any CPU.ActiveCfg = Release|Any CPU
		{798ABE43-197D-49D5-8DF1-F08048D46A9B}.Release|Any CPU.Build.0 = Release|Any CPU
	EndGlobalSection
	GlobalSection(SolutionProperties) = preSolution
		HideSolutionNode = FALSE
	EndGlobalSection
	GlobalSection(ExtensibilityGlobals) = postSolution
		SolutionGuid = {FD95F6EC-9148-4120-BEDB-E6006640D4C8}
	EndGlobalSection
EndGlobal
